
Microsoft Visual Studio Solution File, Format Version 12.00
# Visual Studio Version 16
VisualStudioVersion = 16.0.31515.178
MinimumVisualStudioVersion = 10.0.40219.1
Project("{FAE04EC0-301F-11D3-BF4B-00C04F79EFBC}") = "kolokwiumII", "kolokwiumII.csproj", "{ACB363B7-37EE-43FE-875F-84B5E8BAC60B}"
EndProject
Global
	GlobalSection(SolutionConfigurationPlatforms) = preSolution
		Debug|Any CPU = Debug|Any CPU
		Release|Any CPU = Release|Any CPU
	EndGlobalSection
	GlobalSection(ProjectConfigurationPlatforms) = postSolution
		{ACB363B7-37EE-43FE-875F-84B5E8BAC60B}.Debug|Any CPU.ActiveCfg = Debug|Any CPU
		{ACB363B7-37EE-43FE-875F-84B5E8BAC60B}.Debug|Any CPU.Build.0 = Debug|Any CPU
		{ACB363B7-37EE-43FE-875F-84B5E8BAC60B}.Release|Any CPU.ActiveCfg = Release|Any CPU
		{ACB363B7-37EE-43FE-875F-84B5E8BAC60B}.Release|Any CPU.Build.0 = Release|Any CPU
	EndGlobalSection
	GlobalSection(SolutionProperties) = preSolution
		HideSolutionNode = FALSE
	EndGlobalSection
	GlobalSection(ExtensibilityGlobals) = postSolution
		SolutionGuid = {9B609E38-09B0-4FAF-AEED-F1E3E33BACAB}
	EndGlobalSection
EndGlobal
